
Microsoft Visual Studio Solution File, Format Version 12.00
# Visual Studio Version 18
VisualStudioVersion = 18.7.11919.86
MinimumVisualStudioVersion = 10.0.40219.1
Project("{9A19103F-16F7-4668-BE54-9A1E7A4F7556}") = "CvInspect", "src\CvInspect\CvInspect.csproj", "{8B6E2C1A-4D9F-4A73-B0E5-1F2C3D4E5A6B}"
EndProject
Project("{9A19103F-16F7-4668-BE54-9A1E7A4F7556}") = "CvInspect.Wpf", "src\CvInspect.Wpf\CvInspect.Wpf.csproj", "{5E9D3B7C-2A41-4F8E-A6D2-8C1B0E4F7A93}"
EndProject
Project("{9A19103F-16F7-4668-BE54-9A1E7A4F7556}") = "CvInspect.Imaging", "src\CvInspect.Imaging\CvInspect.Imaging.csproj", "{B2F4A8D1-7C3E-4B9A-8E5F-2D6C1A9B4E77}"
EndProject
Project("{9A19103F-16F7-4668-BE54-9A1E7A4F7556}") = "CvInspect.Imaging.Gev", "src\CvInspect.Imaging.Gev\CvInspect.Imaging.Gev.csproj", "{C7A1E9F3-5B24-4D8E-9F16-3A4B7C0D2E88}"
EndProject
Project("{9A19103F-16F7-4668-BE54-9A1E7A4F7556}") = "CvInspect.GevProbe", "samples\CvInspect.GevProbe\CvInspect.GevProbe.csproj", "{A0D9A4B1-73DF-4028-AC79-4CD54EC88734}"
EndProject
Project("{9A19103F-16F7-4668-BE54-9A1E7A4F7556}") = "CvInspect.Tests", "tests\CvInspect.Tests\CvInspect.Tests.csproj", "{E3B5C0A7-9D14-4A62-B8F3-6C2D1E7A9B04}"
EndProject
Project("{9A19103F-16F7-4668-BE54-9A1E7A4F7556}") = "CvInspect.Wpf.Tests", "tests\CvInspect.Wpf.Tests\CvInspect.Wpf.Tests.csproj", "{B3FF57A4-AE8B-4A14-A64A-2CB8DF72F58A}"
EndProject
Project("{2150E333-8FDC-42A3-9474-1A3956D46DE8}") = "Solution Items", "Solution Items", "{D4A7F0B2-9C3E-4E61-8A17-5B6C7D8E9F0A}"
	ProjectSection(SolutionItems) = preProject
		.gitattributes = .gitattributes
		.gitignore = .gitignore
		Directory.Build.props = Directory.Build.props
		LICENSE = LICENSE
		nuget.config = nuget.config
		README.md = README.md
		THIRD-PARTY-NOTICES.md = THIRD-PARTY-NOTICES.md
	EndProjectSection
EndProject
Project("{2150E333-8FDC-42A3-9474-1A3956D46DE8}") = "tests", "tests", "{0AB3BF05-4346-4AA6-1389-037BE0695223}"
EndProject
Project("{9A19103F-16F7-4668-BE54-9A1E7A4F7556}") = "CvInspect.Wpf.Tests", "tests\CvInspect.Wpf.Tests\CvInspect.Wpf.Tests.csproj", "{B3FF57A4-AE8B-4A14-A64A-2CB8DF72F58A}"
EndProject
Project("{2150E333-8FDC-42A3-9474-1A3956D46DE8}") = "src", "src", "{827E0CD3-B72D-47B6-A68D-7590B98EB39B}"
EndProject
Global
	GlobalSection(SolutionConfigurationPlatforms) = preSolution
		Debug|Any CPU = Debug|Any CPU
		Debug|x64 = Debug|x64
		Debug|x86 = Debug|x86
		Release|Any CPU = Release|Any CPU
		Release|x64 = Release|x64
		Release|x86 = Release|x86
	EndGlobalSection
	GlobalSection(ProjectConfigurationPlatforms) = postSolution
		{8B6E2C1A-4D9F-4A73-B0E5-1F2C3D4E5A6B}.Debug|Any CPU.ActiveCfg = Debug|Any CPU
		{8B6E2C1A-4D9F-4A73-B0E5-1F2C3D4E5A6B}.Debug|Any CPU.Build.0 = Debug|Any CPU
		{8B6E2C1A-4D9F-4A73-B0E5-1F2C3D4E5A6B}.Debug|x64.ActiveCfg = Debug|Any CPU
		{8B6E2C1A-4D9F-4A73-B0E5-1F2C3D4E5A6B}.Debug|x64.Build.0 = Debug|Any CPU
		{8B6E2C1A-4D9F-4A73-B0E5-1F2C3D4E5A6B}.Debug|x86.ActiveCfg = Debug|Any CPU
		{8B6E2C1A-4D9F-4A73-B0E5-1F2C3D4E5A6B}.Debug|x86.Build.0 = Debug|Any CPU
		{8B6E2C1A-4D9F-4A73-B0E5-1F2C3D4E5A6B}.Release|Any CPU.ActiveCfg = Release|Any CPU
		{8B6E2C1A-4D9F-4A73-B0E5-1F2C3D4E5A6B}.Release|Any CPU.Build.0 = Release|Any CPU
		{8B6E2C1A-4D9F-4A73-B0E5-1F2C3D4E5A6B}.Release|x64.ActiveCfg = Release|Any CPU
		{8B6E2C1A-4D9F-4A73-B0E5-1F2C3D4E5A6B}.Release|x64.Build.0 = Release|Any CPU
		{8B6E2C1A-4D9F-4A73-B0E5-1F2C3D4E5A6B}.Release|x86.ActiveCfg = Release|Any CPU
		{8B6E2C1A-4D9F-4A73-B0E5-1F2C3D4E5A6B}.Release|x86.Build.0 = Release|Any CPU
		{5E9D3B7C-2A41-4F8E-A6D2-8C1B0E4F7A93}.Debug|Any CPU.ActiveCfg = Debug|Any CPU
		{5E9D3B7C-2A41-4F8E-A6D2-8C1B0E4F7A93}.Debug|Any CPU.Build.0 = Debug|Any CPU
		{5E9D3B7C-2A41-4F8E-A6D2-8C1B0E4F7A93}.Debug|x64.ActiveCfg = Debug|Any CPU
		{5E9D3B7C-2A41-4F8E-A6D2-8C1B0E4F7A93}.Debug|x64.Build.0 = Debug|Any CPU
		{5E9D3B7C-2A41-4F8E-A6D2-8C1B0E4F7A93}.Debug|x86.ActiveCfg = Debug|Any CPU
		{5E9D3B7C-2A41-4F8E-A6D2-8C1B0E4F7A93}.Debug|x86.Build.0 = Debug|Any CPU
		{5E9D3B7C-2A41-4F8E-A6D2-8C1B0E4F7A93}.Release|Any CPU.ActiveCfg = Release|Any CPU
		{5E9D3B7C-2A41-4F8E-A6D2-8C1B0E4F7A93}.Release|Any CPU.Build.0 = Release|Any CPU
		{5E9D3B7C-2A41-4F8E-A6D2-8C1B0E4F7A93}.Release|x64.ActiveCfg = Release|Any CPU
		{5E9D3B7C-2A41-4F8E-A6D2-8C1B0E4F7A93}.Release|x64.Build.0 = Release|Any CPU
		{5E9D3B7C-2A41-4F8E-A6D2-8C1B0E4F7A93}.Release|x86.ActiveCfg = Release|Any CPU
		{5E9D3B7C-2A41-4F8E-A6D2-8C1B0E4F7A93}.Release|x86.Build.0 = Release|Any CPU
		{B2F4A8D1-7C3E-4B9A-8E5F-2D6C1A9B4E77}.Debug|Any CPU.ActiveCfg = Debug|Any CPU
		{B2F4A8D1-7C3E-4B9A-8E5F-2D6C1A9B4E77}.Debug|Any CPU.Build.0 = Debug|Any CPU
		{B2F4A8D1-7C3E-4B9A-8E5F-2D6C1A9B4E77}.Debug|x64.ActiveCfg = Debug|Any CPU
		{B2F4A8D1-7C3E-4B9A-8E5F-2D6C1A9B4E77}.Debug|x64.Build.0 = Debug|Any CPU
		{B2F4A8D1-7C3E-4B9A-8E5F-2D6C1A9B4E77}.Debug|x86.ActiveCfg = Debug|Any CPU
		{B2F4A8D1-7C3E-4B9A-8E5F-2D6C1A9B4E77}.Debug|x86.Build.0 = Debug|Any CPU
		{B2F4A8D1-7C3E-4B9A-8E5F-2D6C1A9B4E77}.Release|Any CPU.ActiveCfg = Release|Any CPU
		{B2F4A8D1-7C3E-4B9A-8E5F-2D6C1A9B4E77}.Release|Any CPU.Build.0 = Release|Any CPU
		{B2F4A8D1-7C3E-4B9A-8E5F-2D6C1A9B4E77}.Release|x64.ActiveCfg = Release|Any CPU
		{B2F4A8D1-7C3E-4B9A-8E5F-2D6C1A9B4E77}.Release|x64.Build.0 = Release|Any CPU
		{B2F4A8D1-7C3E-4B9A-8E5F-2D6C1A9B4E77}.Release|x86.ActiveCfg = Release|Any CPU
		{B2F4A8D1-7C3E-4B9A-8E5F-2D6C1A9B4E77}.Release|x86.Build.0 = Release|Any CPU
		{C7A1E9F3-5B24-4D8E-9F16-3A4B7C0D2E88}.Debug|Any CPU.ActiveCfg = Debug|Any CPU
		{C7A1E9F3-5B24-4D8E-9F16-3A4B7C0D2E88}.Debug|Any CPU.Build.0 = Debug|Any CPU
		{C7A1E9F3-5B24-4D8E-9F16-3A4B7C0D2E88}.Debug|x64.ActiveCfg = Debug|Any CPU
		{C7A1E9F3-5B24-4D8E-9F16-3A4B7C0D2E88}.Debug|x64.Build.0 = Debug|Any CPU
		{C7A1E9F3-5B24-4D8E-9F16-3A4B7C0D2E88}.Debug|x86.ActiveCfg = Debug|Any CPU
		{C7A1E9F3-5B24-4D8E-9F16-3A4B7C0D2E88}.Debug|x86.Build.0 = Debug|Any CPU
		{C7A1E9F3-5B24-4D8E-9F16-3A4B7C0D2E88}.Release|Any CPU.ActiveCfg = Release|Any CPU
		{C7A1E9F3-5B24-4D8E-9F16-3A4B7C0D2E88}.Release|Any CPU.Build.0 = Release|Any CPU
		{C7A1E9F3-5B24-4D8E-9F16-3A4B7C0D2E88}.Release|x64.ActiveCfg = Release|Any CPU
		{C7A1E9F3-5B24-4D8E-9F16-3A4B7C0D2E88}.Release|x64.Build.0 = Release|Any CPU
		{C7A1E9F3-5B24-4D8E-9F16-3A4B7C0D2E88}.Release|x86.ActiveCfg = Release|Any CPU
		{C7A1E9F3-5B24-4D8E-9F16-3A4B7C0D2E88}.Release|x86.Build.0 = Release|Any CPU
		{A0D9A4B1-73DF-4028-AC79-4CD54EC88734}.Debug|Any CPU.ActiveCfg = Debug|Any CPU
		{A0D9A4B1-73DF-4028-AC79-4CD54EC88734}.Debug|Any CPU.Build.0 = Debug|Any CPU
		{A0D9A4B1-73DF-4028-AC79-4CD54EC88734}.Debug|x64.ActiveCfg = Debug|Any CPU
		{A0D9A4B1-73DF-4028-AC79-4CD54EC88734}.Debug|x64.Build.0 = Debug|Any CPU
		{A0D9A4B1-73DF-4028-AC79-4CD54EC88734}.Debug|x86.ActiveCfg = Debug|Any CPU
		{A0D9A4B1-73DF-4028-AC79-4CD54EC88734}.Debug|x86.Build.0 = Debug|Any CPU
		{A0D9A4B1-73DF-4028-AC79-4CD54EC88734}.Release|Any CPU.ActiveCfg = Release|Any CPU
		{A0D9A4B1-73DF-4028-AC79-4CD54EC88734}.Release|Any CPU.Build.0 = Release|Any CPU
		{A0D9A4B1-73DF-4028-AC79-4CD54EC88734}.Release|x64.ActiveCfg = Release|Any CPU
		{A0D9A4B1-73DF-4028-AC79-4CD54EC88734}.Release|x64.Build.0 = Release|Any CPU
		{A0D9A4B1-73DF-4028-AC79-4CD54EC88734}.Release|x86.ActiveCfg = Release|Any CPU
		{A0D9A4B1-73DF-4028-AC79-4CD54EC88734}.Release|x86.Build.0 = Release|Any CPU
		{E3B5C0A7-9D14-4A62-B8F3-6C2D1E7A9B04}.Debug|Any CPU.ActiveCfg = Debug|Any CPU
		{E3B5C0A7-9D14-4A62-B8F3-6C2D1E7A9B04}.Debug|Any CPU.Build.0 = Debug|Any CPU
		{E3B5C0A7-9D14-4A62-B8F3-6C2D1E7A9B04}.Debug|x64.ActiveCfg = Debug|Any CPU
		{E3B5C0A7-9D14-4A62-B8F3-6C2D1E7A9B04}.Debug|x64.Build.0 = Debug|Any CPU
		{E3B5C0A7-9D14-4A62-B8F3-6C2D1E7A9B04}.Debug|x86.ActiveCfg = Debug|Any CPU
		{E3B5C0A7-9D14-4A62-B8F3-6C2D1E7A9B04}.Debug|x86.Build.0 = Debug|Any CPU
		{E3B5C0A7-9D14-4A62-B8F3-6C2D1E7A9B04}.Release|Any CPU.ActiveCfg = Release|Any CPU
		{E3B5C0A7-9D14-4A62-B8F3-6C2D1E7A9B04}.Release|Any CPU.Build.0 = Release|Any CPU
		{B3FF57A4-AE8B-4A14-A64A-2CB8DF72F58A}.Debug|Any CPU.ActiveCfg = Debug|Any CPU
		{B3FF57A4-AE8B-4A14-A64A-2CB8DF72F58A}.Debug|Any CPU.Build.0 = Debug|Any CPU
		{B3FF57A4-AE8B-4A14-A64A-2CB8DF72F58A}.Release|Any CPU.ActiveCfg = Release|Any CPU
		{B3FF57A4-AE8B-4A14-A64A-2CB8DF72F58A}.Release|Any CPU.Build.0 = Release|Any CPU
		{E3B5C0A7-9D14-4A62-B8F3-6C2D1E7A9B04}.Release|x64.ActiveCfg = Release|Any CPU
		{E3B5C0A7-9D14-4A62-B8F3-6C2D1E7A9B04}.Release|x64.Build.0 = Release|Any CPU
		{E3B5C0A7-9D14-4A62-B8F3-6C2D1E7A9B04}.Release|x86.ActiveCfg = Release|Any CPU
		{E3B5C0A7-9D14-4A62-B8F3-6C2D1E7A9B04}.Release|x86.Build.0 = Release|Any CPU
		{B3FF57A4-AE8B-4A14-A64A-2CB8DF72F58A}.Debug|Any CPU.ActiveCfg = Debug|Any CPU
		{B3FF57A4-AE8B-4A14-A64A-2CB8DF72F58A}.Debug|Any CPU.Build.0 = Debug|Any CPU
		{B3FF57A4-AE8B-4A14-A64A-2CB8DF72F58A}.Debug|x64.ActiveCfg = Debug|Any CPU
		{B3FF57A4-AE8B-4A14-A64A-2CB8DF72F58A}.Debug|x64.Build.0 = Debug|Any CPU
		{B3FF57A4-AE8B-4A14-A64A-2CB8DF72F58A}.Debug|x86.ActiveCfg = Debug|Any CPU
		{B3FF57A4-AE8B-4A14-A64A-2CB8DF72F58A}.Debug|x86.Build.0 = Debug|Any CPU
		{B3FF57A4-AE8B-4A14-A64A-2CB8DF72F58A}.Release|Any CPU.ActiveCfg = Release|Any CPU
		{B3FF57A4-AE8B-4A14-A64A-2CB8DF72F58A}.Release|Any CPU.Build.0 = Release|Any CPU
		{B3FF57A4-AE8B-4A14-A64A-2CB8DF72F58A}.Release|x64.ActiveCfg = Release|Any CPU
		{B3FF57A4-AE8B-4A14-A64A-2CB8DF72F58A}.Release|x64.Build.0 = Release|Any CPU
		{B3FF57A4-AE8B-4A14-A64A-2CB8DF72F58A}.Release|x86.ActiveCfg = Release|Any CPU
		{B3FF57A4-AE8B-4A14-A64A-2CB8DF72F58A}.Release|x86.Build.0 = Release|Any CPU
	EndGlobalSection
	GlobalSection(SolutionProperties) = preSolution
		HideSolutionNode = FALSE
	EndGlobalSection
	GlobalSection(NestedProjects) = preSolution
		{B3FF57A4-AE8B-4A14-A64A-2CB8DF72F58A} = {0AB3BF05-4346-4AA6-1389-037BE0695223}
	EndGlobalSection
EndGlobal
